
Microsoft Visual Studio Solution File, Format Version 12.00
# Visual Studio Version 17
VisualStudioVersion = 17.8.34408.163
MinimumVisualStudioVersion = 10.0.40219.1
Project("{FAE04EC0-301F-11D3-BF4B-00C04F79EFBC}") = "Employess_StoreProcedure", "Employess_StoreProcedure\Employess_StoreProcedure.csproj", "{702D76B9-C35B-497A-B752-03B78D48C553}"
EndProject
Global
	GlobalSection(SolutionConfigurationPlatforms) = preSolution
		Debug|Any CPU = Debug|Any CPU
		Release|Any CPU = Release|Any CPU
	EndGlobalSection
	GlobalSection(ProjectConfigurationPlatforms) = postSolution
		{702D76B9-C35B-497A-B752-03B78D48C553}.Debug|Any CPU.ActiveCfg = Debug|Any CPU
		{702D76B9-C35B-497A-B752-03B78D48C553}.Debug|Any CPU.Build.0 = Debug|Any CPU
		{702D76B9-C35B-497A-B752-03B78D48C553}.Release|Any CPU.ActiveCfg = Release|Any CPU
		{702D76B9-C35B-497A-B752-03B78D48C553}.Release|Any CPU.Build.0 = Release|Any CPU
	EndGlobalSection
	GlobalSection(SolutionProperties) = preSolution
		HideSolutionNode = FALSE
	EndGlobalSection
	GlobalSection(ExtensibilityGlobals) = postSolution
		SolutionGuid = {A7361568-4EAA-473D-896F-6FE4BE7EBFE8}
	EndGlobalSection
EndGlobal
